
Microsoft Visual Studio Solution File, Format Version 12.00
# Visual Studio 15
VisualStudioVersion = 15.0.28307.106
MinimumVisualStudioVersion = 10.0.40219.1
Project("{FAE04EC0-301F-11D3-BF4B-00C04F79EFBC}") = "MyTime", "MyTime\MyTime.csproj", "{0195563C-0BF6-47DB-A185-3A03155FF225}"
EndProject
Global
	GlobalSection(SolutionConfigurationPlatforms) = preSolution
		Debug|Any CPU = Debug|Any CPU
		Release|Any CPU = Release|Any CPU
	EndGlobalSection
	GlobalSection(ProjectConfigurationPlatforms) = postSolution
		{0195563C-0BF6-47DB-A185-3A03155FF225}.Debug|Any CPU.ActiveCfg = Debug|Any CPU
		{0195563C-0BF6-47DB-A185-3A03155FF225}.Debug|Any CPU.Build.0 = Debug|Any CPU
		{0195563C-0BF6-47DB-A185-3A03155FF225}.Release|Any CPU.ActiveCfg = Release|Any CPU
		{0195563C-0BF6-47DB-A185-3A03155FF225}.Release|Any CPU.Build.0 = Release|Any CPU
	EndGlobalSection
	GlobalSection(SolutionProperties) = preSolution
		HideSolutionNode = FALSE
	EndGlobalSection
	GlobalSection(ExtensibilityGlobals) = postSolution
		SolutionGuid = {F31F6D8B-6EB3-48A7-94D9-F358A7DCE5E4}
	EndGlobalSection
EndGlobal
